
Microsoft Visual Studio Solution File, Format Version 12.00
# Visual Studio Version 17
VisualStudioVersion = 17.5.33414.496
MinimumVisualStudioVersion = 10.0.40219.1
Project("{FAE04EC0-301F-11D3-BF4B-00C04F79EFBC}") = "ConsoleApp1", "ConsoleApp1\ConsoleApp1.csproj", "{D3E66D9B-675A-43EA-A41B-FA89551C78F9}"
EndProject
Global
	GlobalSection(SolutionConfigurationPlatforms) = preSolution
		Debug|Any CPU = Debug|Any CPU
		Release|Any CPU = Release|Any CPU
	EndGlobalSection
	GlobalSection(ProjectConfigurationPlatforms) = postSolution
		{D3E66D9B-675A-43EA-A41B-FA89551C78F9}.Debug|Any CPU.ActiveCfg = Debug|Any CPU
		{D3E66D9B-675A-43EA-A41B-FA89551C78F9}.Debug|Any CPU.Build.0 = Debug|Any CPU
		{D3E66D9B-675A-43EA-A41B-FA89551C78F9}.Release|Any CPU.ActiveCfg = Release|Any CPU
		{D3E66D9B-675A-43EA-A41B-FA89551C78F9}.Release|Any CPU.Build.0 = Release|Any CPU
	EndGlobalSection
	GlobalSection(SolutionProperties) = preSolution
		HideSolutionNode = FALSE
	EndGlobalSection
	GlobalSection(ExtensibilityGlobals) = postSolution
		SolutionGuid = {7266E4AB-55C2-431E-8069-ED336FE46B91}
	EndGlobalSection
EndGlobal
